
Microsoft Visual Studio Solution File, Format Version 12.00
# Visual Studio 2013
VisualStudioVersion = 12.0.21005.1
MinimumVisualStudioVersion = 10.0.40219.1
Project("{FAE04EC0-301F-11D3-BF4B-00C04F79EFBC}") = "MyFirstASPMVCTest", "MyFirstASPMVCTest\MyFirstASPMVCTest.csproj", "{992A3000-DDC8-41B5-B760-8CBF43A03B0E}"
EndProject
Project("{FAE04EC0-301F-11D3-BF4B-00C04F79EFBC}") = "MyFirstASPMVCTest.Tests", "MyFirstASPMVCTest.Tests\MyFirstASPMVCTest.Tests.csproj", "{79C1FC8E-8D4F-42AF-9901-96311DD5A269}"
EndProject
Global
	GlobalSection(SolutionConfigurationPlatforms) = preSolution
		Debug|Any CPU = Debug|Any CPU
		Release|Any CPU = Release|Any CPU
	EndGlobalSection
	GlobalSection(ProjectConfigurationPlatforms) = postSolution
		{992A3000-DDC8-41B5-B760-8CBF43A03B0E}.Debug|Any CPU.ActiveCfg = Debug|Any CPU
		{992A3000-DDC8-41B5-B760-8CBF43A03B0E}.Debug|Any CPU.Build.0 = Debug|Any CPU
		{992A3000-DDC8-41B5-B760-8CBF43A03B0E}.Release|Any CPU.ActiveCfg = Release|Any CPU
		{992A3000-DDC8-41B5-B760-8CBF43A03B0E}.Release|Any CPU.Build.0 = Release|Any CPU
		{79C1FC8E-8D4F-42AF-9901-96311DD5A269}.Debug|Any CPU.ActiveCfg = Debug|Any CPU
		{79C1FC8E-8D4F-42AF-9901-96311DD5A269}.Debug|Any CPU.Build.0 = Debug|Any CPU
		{79C1FC8E-8D4F-42AF-9901-96311DD5A269}.Release|Any CPU.ActiveCfg = Release|Any CPU
		{79C1FC8E-8D4F-42AF-9901-96311DD5A269}.Release|Any CPU.Build.0 = Release|Any CPU
	EndGlobalSection
	GlobalSection(SolutionProperties) = preSolution
		HideSolutionNode = FALSE
	EndGlobalSection
EndGlobal
